# THIS IS AN AUTOGENERATED FILE. DO NOT EDIT THIS FILE DIRECTLY.
# yarn lockfile v1


bulma@^1.0.0:
  version "1.0.3"
  resolved "https://registry.yarnpkg.com/bulma/-/bulma-1.0.3.tgz#313c4fec8c356158a1d8f665586957a0991e2892"
  integrity sha512-9eVXBrXwlU337XUXBjIIq7i88A+tRbJYAjXQjT/21lwam+5tpvKF0R7dCesre9N+HV9c6pzCNEPKrtgvBBes2g==

classnames@^2.2.5:
  version "2.2.6"
  resolved "https://registry.yarnpkg.com/classnames/-/classnames-2.2.6.tgz#43935bffdd291f326dad0a205309b38d00f650ce"
  integrity sha512-JR/iSQOSt+LQIWwrwEzJ9uk0xfN3mTVYMwt1Ir5mUcSN6pU+V4zQFFaJsclJbPuAUQH+yfWef6tm7l1quW3C8Q==

core-js@^3.1.3:
  version "3.6.5"
  resolved "https://registry.yarnpkg.com/core-js/-/core-js-3.6.5.tgz#7395dc273af37fb2e50e9bd3d9fe841285231d1a"
  integrity sha512-vZVEEwZoIsI+vPEuoF9Iqf5H7/M3eeQqWlQnYa8FSKKePuYTf5MWnxb5SDAzCa60b3JBRS5g9b+Dq7b1y/RCrA==

feather-icons@^4.29.0:
  version "4.29.2"
  resolved "https://registry.yarnpkg.com/feather-icons/-/feather-icons-4.29.2.tgz#b03a47588a1c400f215e884504db1c18860d89f8"
  integrity sha512-0TaCFTnBTVCz6U+baY2UJNKne5ifGh7sMG4ZC2LoBWCZdIyPa+y6UiR4lEYGws1JOFWdee8KAsAIvu0VcXqiqA==
  dependencies:
    classnames "^2.2.5"
    core-js "^3.1.3"

hack-font@^3.3.0:
  version "3.3.0"
  resolved "https://registry.yarnpkg.com/hack-font/-/hack-font-3.3.0.tgz#be36ffe9cfc318c555aa04c8c26a48d0e53230d5"
  integrity sha512-RohrcAr3UaKiIoxDlOytCjObcUAucfFc6V5fKu6gBrvmvTfIXeBqZwR0Q5kb9qpbluThJWt326LClLKIGiFyug==

typeface-work-sans@^1.1.13:
  version "1.1.13"
  resolved "https://registry.yarnpkg.com/typeface-work-sans/-/typeface-work-sans-1.1.13.tgz#344ac638cbebcd55611fc4c2d08c7c9b47792157"
  integrity sha512-LA5agpsXPLWFaUB88mhxsjtwius4Eu2AHuy5gaKeRY8RMHpEzJbDCES8DWbJ/vAYOljaE1OIoKeqrFdDqjKDtQ==
